
Microsoft Visual Studio Solution File, Format Version 12.00
# Visual Studio 15
VisualStudioVersion = 15.0.27703.2000
MinimumVisualStudioVersion = 10.0.40219.1
Project("{FAE04EC0-301F-11D3-BF4B-00C04F79EFBC}") = "Simple.MVC", "Simple.MVC\Simple.MVC.csproj", "{4C88AD15-13D3-460F-B703-8D52151666A0}"
EndProject
Global
	GlobalSection(SolutionConfigurationPlatforms) = preSolution
		Debug|Any CPU = Debug|Any CPU
		Release|Any CPU = Release|Any CPU
	EndGlobalSection
	GlobalSection(ProjectConfigurationPlatforms) = postSolution
		{4C88AD15-13D3-460F-B703-8D52151666A0}.Debug|Any CPU.ActiveCfg = Debug|Any CPU
		{4C88AD15-13D3-460F-B703-8D52151666A0}.Debug|Any CPU.Build.0 = Debug|Any CPU
		{4C88AD15-13D3-460F-B703-8D52151666A0}.Release|Any CPU.ActiveCfg = Release|Any CPU
		{4C88AD15-13D3-460F-B703-8D52151666A0}.Release|Any CPU.Build.0 = Release|Any CPU
	EndGlobalSection
	GlobalSection(SolutionProperties) = preSolution
		HideSolutionNode = FALSE
	EndGlobalSection
	GlobalSection(ExtensibilityGlobals) = postSolution
		SolutionGuid = {76F59A81-544D-42F2-801A-C768AFAC5972}
	EndGlobalSection
EndGlobal
